GEM
  remote: https://rubygems.org/
  specs:
    actionmailer (4.2.0)
      actionpack (= 4.2.0)
      mail (~> 2.5, >= 2.5.4)
    actionpack (4.2.0)
      actionview (= 4.2.0)
      activesupport (= 4.2.0)
    actionview (4.2.0)
      activesupport (= 4.2.0)
    activesupport (4.2.0)
    devise (3.5.2)
      bcrypt (~> 3.0)
      orm_adapter (~> 0.1)
    nokogiri (1.6.7.2)
    puma (2.11.3)

DEPENDENCIES
  devise (= 3.5.2)
  nokogiri (= 1.6.7.2)
  puma (= 2.11.3)
  rails (= 4.2.0)

BUNDLED WITH
   1.15.2
